// !$*UTF8*$!
{
	archiveVersion = 1;
	classes = {
	};
	objectVersion = 50;
	objects = {

/* Begin PBXBuildFile section */
		FA082721221402400039BB2E /* AppDelegate.swift in Sources */ = {isa = PBXBuildFile; fileRef = FA082720221402400039BB2E /* AppDelegate.swift */; };
		FA082723221402400039BB2E /* ViewController.swift in Sources */ = {isa = PBXBuildFile; fileRef = FA082722221402400039BB2E /* ViewController.swift */; };
		FA082726221402400039BB2E /* Main.storyboard in Resources */ = {isa = PBXBuildFile; fileRef = FA082724221402400039BB2E /* Main.storyboard */; };
		FA082728221402590039BB2E /* Assets.xcassets in Resources */ = {isa = PBXBuildFile; fileRef = FA082727221402590039BB2E /* Assets.xcassets */; };
		FA08272B221402590039BB2E /* LaunchScreen.storyboard in Resources */ = {isa = PBXBuildFile; fileRef = FA082729221402590039BB2E /* LaunchScreen.storyboard */; };
		FA0827342214031F0039BB2E /* PresentationController.swift in Sources */ = {isa = PBXBuildFile; fileRef = FA0827332214031F0039BB2E /* PresentationController.swift */; };
		FA08274A2214034E0039BB2E /* TestViewController.swift in Sources */ = {isa = PBXBuildFile; fileRef = FA0827492214034E0039BB2E /* TestViewController.swift */; };
/* End PBXBuildFile section */

/* Begin PBXFileReference section */
		FA08271D221402400039BB2E /* PresentationViewControllerDemo.app */ = {isa = PBXFileReference; explicitFileType = wrapper.application; includeInIndex = 0; path = PresentationViewControllerDemo.app; sourceTree = BUILT_PRODUCTS_DIR; };
		FA082720221402400039BB2E /* AppDelegate.swift */ = {isa = PBXFileReference; lastKnownFileType = sourcecode.swift; path = AppDelegate.swift; sourceTree = "<group>"; };
		FA082722221402400039BB2E /* ViewController.swift */ = {isa = PBXFileReference; lastKnownFileType = sourcecode.swift; path = ViewController.swift; sourceTree = "<group>"; };
		FA082725221402400039BB2E /* Base */ = {isa = PBXFileReference; lastKnownFileType = file.storyboard; name = Base; path = Base.lproj/Main.storyboard; sourceTree = "<group>"; };
		FA082727221402590039BB2E /* Assets.xcassets */ = {isa = PBXFileReference; lastKnownFileType = folder.assetcatalog; path = Assets.xcassets; sourceTree = "<group>"; };
		FA08272A221402590039BB2E /* Base */ = {isa = PBXFileReference; lastKnownFileType = file.storyboard; name = Base; path = Base.lproj/LaunchScreen.storyboard; sourceTree = "<group>"; };
		FA08272C2214025A0039BB2E /* Info.plist */ = {isa = PBXFileReference; lastKnownFileType = text.plist.xml; path = Info.plist; sourceTree = "<group>"; };
		FA0827332214031F0039BB2E /* PresentationController.swift */ = {isa = PBXFileReference; fileEncoding = 4; lastKnownFileType = sourcecode.swift; path = PresentationController.swift; sourceTree = "<group>"; };
		FA0827492214034E0039BB2E /* TestViewController.swift */ = {isa = PBXFileReference; fileEncoding = 4; lastKnownFileType = sourcecode.swift; path = TestViewController.swift; sourceTree = "<group>"; };
/* End PBXFileReference section */

/* Begin PBXFrameworksBuildPhase section */
		FA08271A221402400039BB2E /* Frameworks */ = {
			isa = PBXFrameworksBuildPhase;
			buildActionMask = 2147483647;
			files = (
			);
			runOnlyForDeploymentPostprocessing = 0;
		};
/* End PBXFrameworksBuildPhase section */

/* Begin PBXGroup section */
		FA082714221402400039BB2E = {
			isa = PBXGroup;
			children = (
				FA08271F221402400039BB2E /* PresentationViewControllerDemo */,
				FA08271E221402400039BB2E /* Products */,
			);
			sourceTree = "<group>";
		};
		FA08271E221402400039BB2E /* Products */ = {
			isa = PBXGroup;
			children = (
				FA08271D221402400039BB2E /* PresentationViewControllerDemo.app */,
			);
			name = Products;
			sourceTree = "<group>";
		};
		FA08271F221402400039BB2E /* PresentationViewControllerDemo */ = {
			isa = PBXGroup;
			children = (
				FA0827322214031F0039BB2E /* Presentation */,
				FA082720221402400039BB2E /* AppDelegate.swift */,
				FA082722221402400039BB2E /* ViewController.swift */,
				FA0827492214034E0039BB2E /* TestViewController.swift */,
				FA082724221402400039BB2E /* Main.storyboard */,
				FA082727221402590039BB2E /* Assets.xcassets */,
				FA082729221402590039BB2E /* LaunchScreen.storyboard */,
				FA08272C2214025A0039BB2E /* Info.plist */,
			);
			path = PresentationViewControllerDemo;
			sourceTree = "<group>";
		};
		FA0827322214031F0039BB2E /* Presentation */ = {
			isa = PBXGroup;
			children = (
				FA0827332214031F0039BB2E /* PresentationController.swift */,
			);
			path = Presentation;
			sourceTree = "<group>";
		};
/* End PBXGroup section */

/* Begin PBXNativeTarget section */
		FA08271C221402400039BB2E /* PresentationViewControllerDemo */ = {
			isa = PBXNativeTarget;
			buildConfigurationList = FA08272F2214025A0039BB2E /* Build configuration list for PBXNativeTarget "PresentationViewControllerDemo" */;
			buildPhases = (
				FA082719221402400039BB2E /* Sources */,
				FA08271A221402400039BB2E /* Frameworks */,
				FA08271B221402400039BB2E /* Resources */,
			);
			buildRules = (
			);
			dependencies = (
			);
			name = PresentationViewControllerDemo;
			productName = PresentationViewControllerDemo;
			productReference = FA08271D221402400039BB2E /* PresentationViewControllerDemo.app */;
			productType = "com.apple.product-type.application";
		};
/* End PBXNativeTarget section */

/* Begin PBXProject section */
		FA082715221402400039BB2E /* Project object */ = {
			isa = PBXProject;
			attributes = {
				LastSwiftUpdateCheck = 1010;
				LastUpgradeCheck = 1010;
				ORGANIZATIONNAME = "Mahindra & Mahindra";
				TargetAttributes = {
					FA08271C221402400039BB2E = {
						CreatedOnToolsVersion = 10.1;
					};
				};
			};
			buildConfigurationList = FA082718221402400039BB2E /* Build configuration list for PBXProject "PresentationViewControllerDemo" */;
			compatibilityVersion = "Xcode 9.3";
			developmentRegion = en;
			hasScannedForEncodings = 0;
			knownRegions = (
				en,
				Base,
			);
			mainGroup = FA082714221402400039BB2E;
			productRefGroup = FA08271E221402400039BB2E /* Products */;
			projectDirPath = "";
			projectRoot = "";
			targets = (
				FA08271C221402400039BB2E /* PresentationViewControllerDemo */,
			);
		};
/* End PBXProject section */

/* Begin PBXResourcesBuildPhase section */
		FA08271B221402400039BB2E /* Resources */ = {
			isa = PBXResourcesBuildPhase;
			buildActionMask = 2147483647;
			files = (
				FA08272B221402590039BB2E /* LaunchScreen.storyboard in Resources */,
				FA082728221402590039BB2E /* Assets.xcassets in Resources */,
				FA082726221402400039BB2E /* Main.storyboard in Resources */,
			);
			runOnlyForDeploymentPostprocessing = 0;
		};
/* End PBXResourcesBuildPhase section */

/* Begin PBXSourcesBuildPhase section */
		FA082719221402400039BB2E /* Sources */ = {
			isa = PBXSourcesBuildPhase;
			buildActionMask = 2147483647;
			files = (
				FA082723221402400039BB2E /* ViewController.swift in Sources */,
				FA082721221402400039BB2E /* AppDelegate.swift in Sources */,
				FA08274A2214034E0039BB2E /* TestViewController.swift in Sources */,
				FA0827342214031F0039BB2E /* PresentationController.swift in Sources */,
			);
			runOnlyForDeploymentPostprocessing = 0;
		};
/* End PBXSourcesBuildPhase section */

/* Begin PBXVariantGroup section */
		FA082724221402400039BB2E /* Main.storyboard */ = {
			isa = PBXVariantGroup;
			children = (
				FA082725221402400039BB2E /* Base */,
			);
			name = Main.storyboard;
			sourceTree = "<group>";
		};
		FA082729221402590039BB2E /* LaunchScreen.storyboard */ = {
			isa = PBXVariantGroup;
			children = (
				FA08272A221402590039BB2E /* Base */,
			);
			name = LaunchScreen.storyboard;
			sourceTree = "<group>";
		};
/* End PBXVariantGroup section */

/* Begin XCBuildConfiguration section */
		FA08272D2214025A0039BB2E /* Debug */ = {
			isa = XCBuildConfiguration;
			buildSettings = {
				ALWAYS_SEARCH_USER_PATHS = NO;
				CLANG_ANALYZER_NONNULL = YES;
				CLANG_ANALYZER_NUMBER_OBJECT_CONVERSION = YES_AGGRESSIVE;
				CLANG_CXX_LANGUAGE_STANDARD = "gnu++14";
				CLANG_CXX_LIBRARY = "libc++";
				CLANG_ENABLE_MODULES = YES;
				CLANG_ENABLE_OBJC_ARC = YES;
				CLANG_ENABLE_OBJC_WEAK = YES;
				CLANG_WARN_BLOCK_CAPTURE_AUTORELEASING = YES;
				CLANG_WARN_BOOL_CONVERSION = YES;
				CLANG_WARN_COMMA = YES;
				CLANG_WARN_CONSTANT_CONVERSION = YES;
				CLANG_WARN_DEPRECATED_OBJC_IMPLEMENTATIONS = YES;
				CLANG_WARN_DIRECT_OBJC_ISA_USAGE = YES_ERROR;
				CLANG_WARN_DOCUMENTATION_COMMENTS = YES;
				CLANG_WARN_EMPTY_BODY = YES;
				CLANG_WARN_ENUM_CONVERSION = YES;
				CLANG_WARN_INFINITE_RECURSION = YES;
				CLANG_WARN_INT_CONVERSION = YES;
				CLANG_WARN_NON_LITERAL_NULL_CONVERSION = YES;
				CLANG_WARN_OBJC_IMPLICIT_RETAIN_SELF = YES;
				CLANG_WARN_OBJC_LITERAL_CONVERSION = YES;
				CLANG_WARN_OBJC_ROOT_CLASS = YES_ERROR;
				CLANG_WARN_RANGE_LOOP_ANALYSIS = YES;
				CLANG_WARN_STRICT_PROTOTYPES = YES;
				CLANG_WARN_SUSPICIOUS_MOVE = YES;
				CLANG_WARN_UNGUARDED_AVAILABILITY = YES_AGGRESSIVE;
				CLANG_WARN_UNREACHABLE_CODE = YES;
				CLANG_WARN__DUPLICATE_METHOD_MATCH = YES;
				CODE_SIGN_IDENTITY = "iPhone Developer: Amit Jha (Y48BACD325)";
				COPY_PHASE_STRIP = NO;
				DEBUG_INFORMATION_FORMAT = dwarf;
				ENABLE_STRICT_OBJC_MSGSEND = YES;
				ENABLE_TESTABILITY = YES;
				GCC_C_LANGUAGE_STANDARD = gnu11;
				GCC_DYNAMIC_NO_PIC = NO;
				GCC_NO_COMMON_BLOCKS = YES;
				GCC_OPTIMIZATION_LEVEL = 0;
				GCC_PREPROCESSOR_DEFINITIONS = (
					"DEBUG=1",
					"$(inherited)",
				);
				GCC_WARN_64_TO_32_BIT_CONVERSION = YES;
				GCC_WARN_ABOUT_RETURN_TYPE = YES_ERROR;
				GCC_WARN_UNDECLARED_SELECTOR = YES;
				GCC_WARN_UNINITIALIZED_AUTOS = YES_AGGRESSIVE;
				GCC_WARN_UNUSED_FUNCTION = YES;
				GCC_WARN_UNUSED_VARIABLE = YES;
				IPHONEOS_DEPLOYMENT_TARGET = 12.1;
				MTL_ENABLE_DEBUG_INFO = INCLUDE_SOURCE;
				MTL_FAST_MATH = YES;
				ONLY_ACTIVE_ARCH = YES;
				SDKROOT = iphoneos;
				SWIFT_ACTIVE_COMPILATION_CONDITIONS = DEBUG;
				SWIFT_OPTIMIZATION_LEVEL = "-Onone";
			};
			name = Debug;
		};
		FA08272E2214025A0039BB2E /* Release */ = {
			isa = XCBuildConfiguration;
			buildSettings = {
				ALWAYS_SEARCH_USER_PATHS = NO;
				CLANG_ANALYZER_NONNULL = YES;
				CLANG_ANALYZER_NUMBER_OBJECT_CONVERSION = YES_AGGRESSIVE;
				CLANG_CXX_LANGUAGE_STANDARD = "gnu++14";
				CLANG_CXX_LIBRARY = "libc++";
				CLANG_ENABLE_MODULES = YES;
				CLANG_ENABLE_OBJC_ARC = YES;
				CLANG_ENABLE_OBJC_WEAK = YES;
				CLANG_WARN_BLOCK_CAPTURE_AUTORELEASING = YES;
				CLANG_WARN_BOOL_CONVERSION = YES;
				CLANG_WARN_COMMA = YES;
				CLANG_WARN_CONSTANT_CONVERSION = YES;
				CLANG_WARN_DEPRECATED_OBJC_IMPLEMENTATIONS = YES;
				CLANG_WARN_DIRECT_OBJC_ISA_USAGE = YES_ERROR;
				CLANG_WARN_DOCUMENTATION_COMMENTS = YES;
				CLANG_WARN_EMPTY_BODY = YES;
				CLANG_WARN_ENUM_CONVERSION = YES;
				CLANG_WARN_INFINITE_RECURSION = YES;
				CLANG_WARN_INT_CONVERSION = YES;
				CLANG_WARN_NON_LITERAL_NULL_CONVERSION = YES;
				CLANG_WARN_OBJC_IMPLICIT_RETAIN_SELF = YES;
				CLANG_WARN_OBJC_LITERAL_CONVERSION = YES;
				CLANG_WARN_OBJC_ROOT_CLASS = YES_ERROR;
				CLANG_WARN_RANGE_LOOP_ANALYSIS = YES;
				CLANG_WARN_STRICT_PROTOTYPES = YES;
				CLANG_WARN_SUSPICIOUS_MOVE = YES;
				CLANG_WARN_UNGUARDED_AVAILABILITY = YES_AGGRESSIVE;
				CLANG_WARN_UNREACHABLE_CODE = YES;
				CLANG_WARN__DUPLICATE_METHOD_MATCH = YES;
				CODE_SIGN_IDENTITY = "iPhone Developer: Amit Jha (Y48BACD325)";
				COPY_PHASE_STRIP = NO;
				DEBUG_INFORMATION_FORMAT = "dwarf-with-dsym";
				ENABLE_NS_ASSERTIONS = NO;
				ENABLE_STRICT_OBJC_MSGSEND = YES;
				GCC_C_LANGUAGE_STANDARD = gnu11;
				GCC_NO_COMMON_BLOCKS = YES;
				GCC_WARN_64_TO_32_BIT_CONVERSION = YES;
				GCC_WARN_ABOUT_RETURN_TYPE = YES_ERROR;
				GCC_WARN_UNDECLARED_SELECTOR = YES;
				GCC_WARN_UNINITIALIZED_AUTOS = YES_AGGRESSIVE;
				GCC_WARN_UNUSED_FUNCTION = YES;
				GCC_WARN_UNUSED_VARIABLE = YES;
				IPHONEOS_DEPLOYMENT_TARGET = 12.1;
				MTL_ENABLE_DEBUG_INFO = NO;
				MTL_FAST_MATH = YES;
				SDKROOT = iphoneos;
				SWIFT_COMPILATION_MODE = wholemodule;
				SWIFT_OPTIMIZATION_LEVEL = "-O";
				VALIDATE_PRODUCT = YES;
			};
			name = Release;
		};
		FA0827302214025A0039BB2E /* Debug */ = {
			isa = XCBuildConfiguration;
			buildSettings = {
				ASSETCATALOG_COMPILER_APPICON_NAME = AppIcon;
				CODE_SIGN_STYLE = Manual;
				DEVELOPMENT_TEAM = DDLZ74RZLH;
				INFOPLIST_FILE = PresentationViewControllerDemo/Info.plist;
				IPHONEOS_DEPLOYMENT_TARGET = 12.0;
				LD_RUNPATH_SEARCH_PATHS = (
					"$(inherited)",
					"@executable_path/Frameworks",
				);
				PRODUCT_BUNDLE_IDENTIFIER = com.mahindra.crm;
				PRODUCT_NAME = "$(TARGET_NAME)";
				PROVISIONING_PROFILE_SPECIFIER = CRM_Dev_Profile;
				SWIFT_VERSION = 4.2;
				TARGETED_DEVICE_FAMILY = "1,2";
			};
			name = Debug;
		};
		FA0827312214025A0039BB2E /* Release */ = {
			isa = XCBuildConfiguration;
			buildSettings = {
				ASSETCATALOG_COMPILER_APPICON_NAME = AppIcon;
				CODE_SIGN_STYLE = Manual;
				DEVELOPMENT_TEAM = "";
				INFOPLIST_FILE = PresentationViewControllerDemo/Info.plist;
				IPHONEOS_DEPLOYMENT_TARGET = 12.0;
				LD_RUNPATH_SEARCH_PATHS = (
					"$(inherited)",
					"@executable_path/Frameworks",
				);
				PRODUCT_BUNDLE_IDENTIFIER = com.mahindra.crm;
				PRODUCT_NAME = "$(TARGET_NAME)";
				PROVISIONING_PROFILE_SPECIFIER = "";
				SWIFT_VERSION = 4.2;
				TARGETED_DEVICE_FAMILY = "1,2";
			};
			name = Release;
		};
/* End XCBuildConfiguration section */

/* Begin XCConfigurationList section */
		FA082718221402400039BB2E /* Build configuration list for PBXProject "PresentationViewControllerDemo" */ = {
			isa = XCConfigurationList;
			buildConfigurations = (
				FA08272D2214025A0039BB2E /* Debug */,
				FA08272E2214025A0039BB2E /* Release */,
			);
			defaultConfigurationIsVisible = 0;
			defaultConfigurationName = Release;
		};
		FA08272F2214025A0039BB2E /* Build configuration list for PBXNativeTarget "PresentationViewControllerDemo" */ = {
			isa = XCConfigurationList;
			buildConfigurations = (
				FA0827302214025A0039BB2E /* Debug */,
				FA0827312214025A0039BB2E /* Release */,
			);
			defaultConfigurationIsVisible = 0;
			defaultConfigurationName = Release;
		};
/* End XCConfigurationList section */
	};
	rootObject = FA082715221402400039BB2E /* Project object */;
}
